
Microsoft Visual Studio Solution File, Format Version 12.00
# Visual Studio Version 16
VisualStudioVersion = 16.0.32901.82
MinimumVisualStudioVersion = 10.0.40219.1
Project("{FAE04EC0-301F-11D3-BF4B-00C04F79EFBC}") = "oop10", "oop10\oop10.csproj", "{BF8B4E23-992D-4323-8719-56BA227314F6}"
EndProject
Global
	GlobalSection(SolutionConfigurationPlatforms) = preSolution
		Debug|Any CPU = Debug|Any CPU
		Release|Any CPU = Release|Any CPU
	EndGlobalSection
	GlobalSection(ProjectConfigurationPlatforms) = postSolution
		{BF8B4E23-992D-4323-8719-56BA227314F6}.Debug|Any CPU.ActiveCfg = Debug|Any CPU
		{BF8B4E23-992D-4323-8719-56BA227314F6}.Debug|Any CPU.Build.0 = Debug|Any CPU
		{BF8B4E23-992D-4323-8719-56BA227314F6}.Release|Any CPU.ActiveCfg = Release|Any CPU
		{BF8B4E23-992D-4323-8719-56BA227314F6}.Release|Any CPU.Build.0 = Release|Any CPU
	EndGlobalSection
	GlobalSection(SolutionProperties) = preSolution
		HideSolutionNode = FALSE
	EndGlobalSection
	GlobalSection(ExtensibilityGlobals) = postSolution
		SolutionGuid = {F251DF5F-10B6-481E-9EB7-7431A45C81FA}
	EndGlobalSection
EndGlobal
