
Microsoft Visual Studio Solution File, Format Version 12.00
# Visual Studio Version 16
VisualStudioVersion = 16.0.32901.82
MinimumVisualStudioVersion = 10.0.40219.1
Project("{FAE04EC0-301F-11D3-BF4B-00C04F79EFBC}") = "oop15", "oop15\oop15.csproj", "{09A2021C-E6AF-49CF-B717-87983CB49246}"
EndProject
Global
	GlobalSection(SolutionConfigurationPlatforms) = preSolution
		Debug|Any CPU = Debug|Any CPU
		Release|Any CPU = Release|Any CPU
	EndGlobalSection
	GlobalSection(ProjectConfigurationPlatforms) = postSolution
		{09A2021C-E6AF-49CF-B717-87983CB49246}.Debug|Any CPU.ActiveCfg = Debug|Any CPU
		{09A2021C-E6AF-49CF-B717-87983CB49246}.Debug|Any CPU.Build.0 = Debug|Any CPU
		{09A2021C-E6AF-49CF-B717-87983CB49246}.Release|Any CPU.ActiveCfg = Release|Any CPU
		{09A2021C-E6AF-49CF-B717-87983CB49246}.Release|Any CPU.Build.0 = Release|Any CPU
	EndGlobalSection
	GlobalSection(SolutionProperties) = preSolution
		HideSolutionNode = FALSE
	EndGlobalSection
	GlobalSection(ExtensibilityGlobals) = postSolution
		SolutionGuid = {A9753C11-08FD-4468-833A-F29E5644BA57}
	EndGlobalSection
EndGlobal
