
Microsoft Visual Studio Solution File, Format Version 12.00
# Visual Studio Version 16
VisualStudioVersion = 16.0.32901.82
MinimumVisualStudioVersion = 10.0.40219.1
Project("{FAE04EC0-301F-11D3-BF4B-00C04F79EFBC}") = "var19", "var19\var19.csproj", "{2B487EFF-0F62-4F1A-A5CF-ABD2B3CF6162}"
EndProject
Global
	GlobalSection(SolutionConfigurationPlatforms) = preSolution
		Debug|Any CPU = Debug|Any CPU
		Release|Any CPU = Release|Any CPU
	EndGlobalSection
	GlobalSection(ProjectConfigurationPlatforms) = postSolution
		{2B487EFF-0F62-4F1A-A5CF-ABD2B3CF6162}.Debug|Any CPU.ActiveCfg = Debug|Any CPU
		{2B487EFF-0F62-4F1A-A5CF-ABD2B3CF6162}.Debug|Any CPU.Build.0 = Debug|Any CPU
		{2B487EFF-0F62-4F1A-A5CF-ABD2B3CF6162}.Release|Any CPU.ActiveCfg = Release|Any CPU
		{2B487EFF-0F62-4F1A-A5CF-ABD2B3CF6162}.Release|Any CPU.Build.0 = Release|Any CPU
	EndGlobalSection
	GlobalSection(SolutionProperties) = preSolution
		HideSolutionNode = FALSE
	EndGlobalSection
	GlobalSection(ExtensibilityGlobals) = postSolution
		SolutionGuid = {3533890C-6381-4B08-B094-383109FF25EF}
	EndGlobalSection
EndGlobal
