
Microsoft Visual Studio Solution File, Format Version 12.00
# Visual Studio Version 17
VisualStudioVersion = 17.3.32825.248
MinimumVisualStudioVersion = 10.0.40219.1
Project("{FAE04EC0-301F-11D3-BF4B-00C04F79EFBC}") = "lab9", "lab9\lab9.csproj", "{C3BD2867-79E0-401D-B163-FD9A4C79B23C}"
EndProject
Global
	GlobalSection(SolutionConfigurationPlatforms) = preSolution
		Debug|Any CPU = Debug|Any CPU
		Release|Any CPU = Release|Any CPU
	EndGlobalSection
	GlobalSection(ProjectConfigurationPlatforms) = postSolution
		{C3BD2867-79E0-401D-B163-FD9A4C79B23C}.Debug|Any CPU.ActiveCfg = Debug|Any CPU
		{C3BD2867-79E0-401D-B163-FD9A4C79B23C}.Debug|Any CPU.Build.0 = Debug|Any CPU
		{C3BD2867-79E0-401D-B163-FD9A4C79B23C}.Release|Any CPU.ActiveCfg = Release|Any CPU
		{C3BD2867-79E0-401D-B163-FD9A4C79B23C}.Release|Any CPU.Build.0 = Release|Any CPU
	EndGlobalSection
	GlobalSection(SolutionProperties) = preSolution
		HideSolutionNode = FALSE
	EndGlobalSection
	GlobalSection(ExtensibilityGlobals) = postSolution
		SolutionGuid = {2F0FCE76-6C09-4387-A2E9-09CE9A0546FF}
	EndGlobalSection
EndGlobal
