
Microsoft Visual Studio Solution File, Format Version 12.00
# Visual Studio Version 16
VisualStudioVersion = 16.0.32901.82
MinimumVisualStudioVersion = 10.0.40219.1
Project("{FAE04EC0-301F-11D3-BF4B-00C04F79EFBC}") = "oop8", "oop8\oop8.csproj", "{7E388D87-C67E-42B3-BCF4-D0A4739D156D}"
EndProject
Global
	GlobalSection(SolutionConfigurationPlatforms) = preSolution
		Debug|Any CPU = Debug|Any CPU
		Release|Any CPU = Release|Any CPU
	EndGlobalSection
	GlobalSection(ProjectConfigurationPlatforms) = postSolution
		{7E388D87-C67E-42B3-BCF4-D0A4739D156D}.Debug|Any CPU.ActiveCfg = Debug|Any CPU
		{7E388D87-C67E-42B3-BCF4-D0A4739D156D}.Debug|Any CPU.Build.0 = Debug|Any CPU
		{7E388D87-C67E-42B3-BCF4-D0A4739D156D}.Release|Any CPU.ActiveCfg = Release|Any CPU
		{7E388D87-C67E-42B3-BCF4-D0A4739D156D}.Release|Any CPU.Build.0 = Release|Any CPU
	EndGlobalSection
	GlobalSection(SolutionProperties) = preSolution
		HideSolutionNode = FALSE
	EndGlobalSection
	GlobalSection(ExtensibilityGlobals) = postSolution
		SolutionGuid = {172098E5-4BD9-4280-B2C0-D56699C0409F}
	EndGlobalSection
EndGlobal
